// !$*UTF8*$!
{
	archiveVersion = 1;
	classes = {
	};
	objectVersion = 46;
	objects = {

/* Begin PBXBuildFile section */
		ABEBF4C61CD1C11C00353643 /* AppDelegate.swift in Sources */ = {isa = PBXBuildFile; fileRef = ABEBF4C51CD1C11C00353643 /* AppDelegate.swift */; };
		ABEBF4C81CD1C11C00353643 /* ViewController.swift in Sources */ = {isa = PBXBuildFile; fileRef = ABEBF4C71CD1C11C00353643 /* ViewController.swift */; };
		ABEBF4CB1CD1C11C00353643 /* Main.storyboard in Resources */ = {isa = PBXBuildFile; fileRef = ABEBF4C91CD1C11C00353643 /* Main.storyboard */; };
		ABEBF4CD1CD1C11C00353643 /* Assets.xcassets in Resources */ = {isa = PBXBuildFile; fileRef = ABEBF4CC1CD1C11C00353643 /* Assets.xcassets */; };
		ABEBF4D01CD1C11C00353643 /* LaunchScreen.storyboard in Resources */ = {isa = PBXBuildFile; fileRef = ABEBF4CE1CD1C11C00353643 /* LaunchScreen.storyboard */; };
/* End PBXBuildFile section */

/* Begin PBXFileReference section */
		ABEBF4C21CD1C11C00353643 /* mapkit-simple-v2.app */ = {isa = PBXFileReference; explicitFileType = wrapper.application; includeInIndex = 0; path = "mapkit-simple-v2.app"; sourceTree = BUILT_PRODUCTS_DIR; };
		ABEBF4C51CD1C11C00353643 /* AppDelegate.swift */ = {isa = PBXFileReference; lastKnownFileType = sourcecode.swift; path = AppDelegate.swift; sourceTree = "<group>"; };
		ABEBF4C71CD1C11C00353643 /* ViewController.swift */ = {isa = PBXFileReference; lastKnownFileType = sourcecode.swift; path = ViewController.swift; sourceTree = "<group>"; };
		ABEBF4CA1CD1C11C00353643 /* Base */ = {isa = PBXFileReference; lastKnownFileType = file.storyboard; name = Base; path = Base.lproj/Main.storyboard; sourceTree = "<group>"; };
		ABEBF4CC1CD1C11C00353643 /* Assets.xcassets */ = {isa = PBXFileReference; lastKnownFileType = folder.assetcatalog; path = Assets.xcassets; sourceTree = "<group>"; };
		ABEBF4CF1CD1C11C00353643 /* Base */ = {isa = PBXFileReference; lastKnownFileType = file.storyboard; name = Base; path = Base.lproj/LaunchScreen.storyboard; sourceTree = "<group>"; };
		ABEBF4D11CD1C11C00353643 /* Info.plist */ = {isa = PBXFileReference; lastKnownFileType = text.plist.xml; path = Info.plist; sourceTree = "<group>"; };
/* End PBXFileReference section */

/* Begin PBXFrameworksBuildPhase section */
		ABEBF4BF1CD1C11C00353643 /* Frameworks */ = {
			isa = PBXFrameworksBuildPhase;
			buildActionMask = 2147483647;
			files = (
			);
			runOnlyForDeploymentPostprocessing = 0;
		};
/* End PBXFrameworksBuildPhase section */

/* Begin PBXGroup section */
		ABEBF4B91CD1C11C00353643 = {
			isa = PBXGroup;
			children = (
				ABEBF4C41CD1C11C00353643 /* mapkit-simple-v2 */,
				ABEBF4C31CD1C11C00353643 /* Products */,
			);
			sourceTree = "<group>";
		};
		ABEBF4C31CD1C11C00353643 /* Products */ = {
			isa = PBXGroup;
			children = (
				ABEBF4C21CD1C11C00353643 /* mapkit-simple-v2.app */,
			);
			name = Products;
			sourceTree = "<group>";
		};
		ABEBF4C41CD1C11C00353643 /* mapkit-simple-v2 */ = {
			isa = PBXGroup;
			children = (
				ABEBF4C51CD1C11C00353643 /* AppDelegate.swift */,
				ABEBF4C71CD1C11C00353643 /* ViewController.swift */,
				ABEBF4C91CD1C11C00353643 /* Main.storyboard */,
				ABEBF4CC1CD1C11C00353643 /* Assets.xcassets */,
				ABEBF4CE1CD1C11C00353643 /* LaunchScreen.storyboard */,
				ABEBF4D11CD1C11C00353643 /* Info.plist */,
			);
			path = "mapkit-simple-v2";
			sourceTree = "<group>";
		};
/* End PBXGroup section */

/* Begin PBXNativeTarget section */
		ABEBF4C11CD1C11C00353643 /* mapkit-simple-v2 */ = {
			isa = PBXNativeTarget;
			buildConfigurationList = ABEBF4D41CD1C11C00353643 /* Build configuration list for PBXNativeTarget "mapkit-simple-v2" */;
			buildPhases = (
				ABEBF4BE1CD1C11C00353643 /* Sources */,
				ABEBF4BF1CD1C11C00353643 /* Frameworks */,
				ABEBF4C01CD1C11C00353643 /* Resources */,
			);
			buildRules = (
			);
			dependencies = (
			);
			name = "mapkit-simple-v2";
			productName = "mapkit-simple-v2";
			productReference = ABEBF4C21CD1C11C00353643 /* mapkit-simple-v2.app */;
			productType = "com.apple.product-type.application";
		};
/* End PBXNativeTarget section */

/* Begin PBXProject section */
		ABEBF4BA1CD1C11C00353643 /* Project object */ = {
			isa = PBXProject;
			attributes = {
				LastSwiftUpdateCheck = 0730;
				LastUpgradeCheck = 0730;
				ORGANIZATIONNAME = techmaster;
				TargetAttributes = {
					ABEBF4C11CD1C11C00353643 = {
						CreatedOnToolsVersion = 7.3;
						DevelopmentTeam = K59673P662;
					};
				};
			};
			buildConfigurationList = ABEBF4BD1CD1C11C00353643 /* Build configuration list for PBXProject "mapkit-simple-v2" */;
			compatibilityVersion = "Xcode 3.2";
			developmentRegion = English;
			hasScannedForEncodings = 0;
			knownRegions = (
				en,
				Base,
			);
			mainGroup = ABEBF4B91CD1C11C00353643;
			productRefGroup = ABEBF4C31CD1C11C00353643 /* Products */;
			projectDirPath = "";
			projectRoot = "";
			targets = (
				ABEBF4C11CD1C11C00353643 /* mapkit-simple-v2 */,
			);
		};
/* End PBXProject section */

/* Begin PBXResourcesBuildPhase section */
		ABEBF4C01CD1C11C00353643 /* Resources */ = {
			isa = PBXResourcesBuildPhase;
			buildActionMask = 2147483647;
			files = (
				ABEBF4D01CD1C11C00353643 /* LaunchScreen.storyboard in Resources */,
				ABEBF4CD1CD1C11C00353643 /* Assets.xcassets in Resources */,
				ABEBF4CB1CD1C11C00353643 /* Main.storyboard in Resources */,
			);
			runOnlyForDeploymentPostprocessing = 0;
		};
/* End PBXResourcesBuildPhase section */

/* Begin PBXSourcesBuildPhase section */
		ABEBF4BE1CD1C11C00353643 /* Sources */ = {
			isa = PBXSourcesBuildPhase;
			buildActionMask = 2147483647;
			files = (
				ABEBF4C81CD1C11C00353643 /* ViewController.swift in Sources */,
				ABEBF4C61CD1C11C00353643 /* AppDelegate.swift in Sources */,
			);
			runOnlyForDeploymentPostprocessing = 0;
		};
/* End PBXSourcesBuildPhase section */

/* Begin PBXVariantGroup section */
		ABEBF4C91CD1C11C00353643 /* Main.storyboard */ = {
			isa = PBXVariantGroup;
			children = (
				ABEBF4CA1CD1C11C00353643 /* Base */,
			);
			name = Main.storyboard;
			sourceTree = "<group>";
		};
		ABEBF4CE1CD1C11C00353643 /* LaunchScreen.storyboard */ = {
			isa = PBXVariantGroup;
			children = (
				ABEBF4CF1CD1C11C00353643 /* Base */,
			);
			name = LaunchScreen.storyboard;
			sourceTree = "<group>";
		};
/* End PBXVariantGroup section */

/* Begin XCBuildConfiguration section */
		ABEBF4D21CD1C11C00353643 /* Debug */ = {
			isa = XCBuildConfiguration;
			buildSettings = {
				ALWAYS_SEARCH_USER_PATHS = NO;
				CLANG_ANALYZER_NONNULL = YES;
				CLANG_CXX_LANGUAGE_STANDARD = "gnu++0x";
				CLANG_CXX_LIBRARY = "libc++";
				CLANG_ENABLE_MODULES = YES;
				CLANG_ENABLE_OBJC_ARC = YES;
				CLANG_WARN_BOOL_CONVERSION = YES;
				CLANG_WARN_CONSTANT_CONVERSION = YES;
				CLANG_WARN_DIRECT_OBJC_ISA_USAGE = YES_ERROR;
				CLANG_WARN_EMPTY_BODY = YES;
				CLANG_WARN_ENUM_CONVERSION = YES;
				CLANG_WARN_INT_CONVERSION = YES;
				CLANG_WARN_OBJC_ROOT_CLASS = YES_ERROR;
				CLANG_WARN_UNREACHABLE_CODE = YES;
				CLANG_WARN__DUPLICATE_METHOD_MATCH = YES;
				"CODE_SIGN_IDENTITY[sdk=iphoneos*]" = "iPhone Developer";
				COPY_PHASE_STRIP = NO;
				DEBUG_INFORMATION_FORMAT = dwarf;
				ENABLE_STRICT_OBJC_MSGSEND = YES;
				ENABLE_TESTABILITY = YES;
				GCC_C_LANGUAGE_STANDARD = gnu99;
				GCC_DYNAMIC_NO_PIC = NO;
				GCC_NO_COMMON_BLOCKS = YES;
				GCC_OPTIMIZATION_LEVEL = 0;
				GCC_PREPROCESSOR_DEFINITIONS = (
					"DEBUG=1",
					"$(inherited)",
				);
				GCC_WARN_64_TO_32_BIT_CONVERSION = YES;
				GCC_WARN_ABOUT_RETURN_TYPE = YES_ERROR;
				GCC_WARN_UNDECLARED_SELECTOR = YES;
				GCC_WARN_UNINITIALIZED_AUTOS = YES_AGGRESSIVE;
				GCC_WARN_UNUSED_FUNCTION = YES;
				GCC_WARN_UNUSED_VARIABLE = YES;
				IPHONEOS_DEPLOYMENT_TARGET = 9.3;
				MTL_ENABLE_DEBUG_INFO = YES;
				ONLY_ACTIVE_ARCH = YES;
				SDKROOT = iphoneos;
				SWIFT_OPTIMIZATION_LEVEL = "-Onone";
			};
			name = Debug;
		};
		ABEBF4D31CD1C11C00353643 /* Release */ = {
			isa = XCBuildConfiguration;
			buildSettings = {
				ALWAYS_SEARCH_USER_PATHS = NO;
				CLANG_ANALYZER_NONNULL = YES;
				CLANG_CXX_LANGUAGE_STANDARD = "gnu++0x";
				CLANG_CXX_LIBRARY = "libc++";
				CLANG_ENABLE_MODULES = YES;
				CLANG_ENABLE_OBJC_ARC = YES;
				CLANG_WARN_BOOL_CONVERSION = YES;
				CLANG_WARN_CONSTANT_CONVERSION = YES;
				CLANG_WARN_DIRECT_OBJC_ISA_USAGE = YES_ERROR;
				CLANG_WARN_EMPTY_BODY = YES;
				CLANG_WARN_ENUM_CONVERSION = YES;
				CLANG_WARN_INT_CONVERSION = YES;
				CLANG_WARN_OBJC_ROOT_CLASS = YES_ERROR;
				CLANG_WARN_UNREACHABLE_CODE = YES;
				CLANG_WARN__DUPLICATE_METHOD_MATCH = YES;
				"CODE_SIGN_IDENTITY[sdk=iphoneos*]" = "iPhone Developer";
				COPY_PHASE_STRIP = NO;
				DEBUG_INFORMATION_FORMAT = "dwarf-with-dsym";
				ENABLE_NS_ASSERTIONS = NO;
				ENABLE_STRICT_OBJC_MSGSEND = YES;
				GCC_C_LANGUAGE_STANDARD = gnu99;
				GCC_NO_COMMON_BLOCKS = YES;
				GCC_WARN_64_TO_32_BIT_CONVERSION = YES;
				GCC_WARN_ABOUT_RETURN_TYPE = YES_ERROR;
				GCC_WARN_UNDECLARED_SELECTOR = YES;
				GCC_WARN_UNINITIALIZED_AUTOS = YES_AGGRESSIVE;
				GCC_WARN_UNUSED_FUNCTION = YES;
				GCC_WARN_UNUSED_VARIABLE = YES;
				IPHONEOS_DEPLOYMENT_TARGET = 9.3;
				MTL_ENABLE_DEBUG_INFO = NO;
				SDKROOT = iphoneos;
				VALIDATE_PRODUCT = YES;
			};
			name = Release;
		};
		ABEBF4D51CD1C11C00353643 /* Debug */ = {
			isa = XCBuildConfiguration;
			buildSettings = {
				ASSETCATALOG_COMPILER_APPICON_NAME = AppIcon;
				INFOPLIST_FILE = "mapkit-simple-v2/Info.plist";
				LD_RUNPATH_SEARCH_PATHS = "$(inherited) @executable_path/Frameworks";
				PRODUCT_BUNDLE_IDENTIFIER = "vn.hoangthai.mapkit-simple-v2";
				PRODUCT_NAME = "$(TARGET_NAME)";
			};
			name = Debug;
		};
		ABEBF4D61CD1C11C00353643 /* Release */ = {
			isa = XCBuildConfiguration;
			buildSettings = {
				ASSETCATALOG_COMPILER_APPICON_NAME = AppIcon;
				INFOPLIST_FILE = "mapkit-simple-v2/Info.plist";
				LD_RUNPATH_SEARCH_PATHS = "$(inherited) @executable_path/Frameworks";
				PRODUCT_BUNDLE_IDENTIFIER = "vn.hoangthai.mapkit-simple-v2";
				PRODUCT_NAME = "$(TARGET_NAME)";
			};
			name = Release;
		};
/* End XCBuildConfiguration section */

/* Begin XCConfigurationList section */
		ABEBF4BD1CD1C11C00353643 /* Build configuration list for PBXProject "mapkit-simple-v2" */ = {
			isa = XCConfigurationList;
			buildConfigurations = (
				ABEBF4D21CD1C11C00353643 /* Debug */,
				ABEBF4D31CD1C11C00353643 /* Release */,
			);
			defaultConfigurationIsVisible = 0;
			defaultConfigurationName = Release;
		};
		ABEBF4D41CD1C11C00353643 /* Build configuration list for PBXNativeTarget "mapkit-simple-v2" */ = {
			isa = XCConfigurationList;
			buildConfigurations = (
				ABEBF4D51CD1C11C00353643 /* Debug */,
				ABEBF4D61CD1C11C00353643 /* Release */,
			);
			defaultConfigurationIsVisible = 0;
		};
/* End XCConfigurationList section */
	};
	rootObject = ABEBF4BA1CD1C11C00353643 /* Project object */;
}
